
Microsoft Visual Studio Solution File, Format Version 12.00
# Visual Studio Version 17
VisualStudioVersion = 17.10.34916.146
MinimumVisualStudioVersion = 10.0.40219.1
Project("{9A19103F-16F7-4668-BE54-9A1E7A4F7556}") = "OpenTelemetry.SampleProject", "OpenTelemetry.SampleProject\OpenTelemetry.SampleProject.csproj", "{B8DF5335-FDE9-4982-B12C-0544B750E319}"
EndProject
Global
	GlobalSection(SolutionConfigurationPlatforms) = preSolution
		Debug|Any CPU = Debug|Any CPU
		Release|Any CPU = Release|Any CPU
	EndGlobalSection
	GlobalSection(ProjectConfigurationPlatforms) = postSolution
		{B8DF5335-FDE9-4982-B12C-0544B750E319}.Debug|Any CPU.ActiveCfg = Debug|Any CPU
		{B8DF5335-FDE9-4982-B12C-0544B750E319}.Debug|Any CPU.Build.0 = Debug|Any CPU
		{B8DF5335-FDE9-4982-B12C-0544B750E319}.Release|Any CPU.ActiveCfg = Release|Any CPU
		{B8DF5335-FDE9-4982-B12C-0544B750E319}.Release|Any CPU.Build.0 = Release|Any CPU
	EndGlobalSection
	GlobalSection(SolutionProperties) = preSolution
		HideSolutionNode = FALSE
	EndGlobalSection
	GlobalSection(ExtensibilityGlobals) = postSolution
		SolutionGuid = {3B492F61-797D-4BE7-A145-CF7BDD879346}
	EndGlobalSection
EndGlobal
